
Microsoft Visual Studio Solution File, Format Version 12.00
# Visual Studio Version 16
VisualStudioVersion = 16.0.30225.117
MinimumVisualStudioVersion = 10.0.40219.1
Project("{9A19103F-16F7-4668-BE54-9A1E7A4F7556}") = "PromotionEngine.Entities", "PromotionEngine.Entities\PromotionEngine.Entities.csproj", "{FD6B5AAC-E3EE-4CA1-A3BD-0117B3CA3EE7}"
EndProject
Project("{9A19103F-16F7-4668-BE54-9A1E7A4F7556}") = "PromotionEngine.Promotions", "PromotionEngine.Promotions\PromotionEngine.Promotions.csproj", "{DD09CC51-AD8D-4164-A73B-F01E568B9F60}"
EndProject
Project("{FAE04EC0-301F-11D3-BF4B-00C04F79EFBC}") = "PromotionEngine.ItemFactory", "PromotionEngine.ItemFactory\PromotionEngine.ItemFactory.csproj", "{1007F34D-9EFE-47C4-9F49-B8494CEE72FF}"
EndProject
Global
	GlobalSection(SolutionConfigurationPlatforms) = preSolution
		Debug|Any CPU = Debug|Any CPU
		Release|Any CPU = Release|Any CPU
	EndGlobalSection
	GlobalSection(ProjectConfigurationPlatforms) = postSolution
		{FD6B5AAC-E3EE-4CA1-A3BD-0117B3CA3EE7}.Debug|Any CPU.ActiveCfg = Debug|Any CPU
		{FD6B5AAC-E3EE-4CA1-A3BD-0117B3CA3EE7}.Debug|Any CPU.Build.0 = Debug|Any CPU
		{FD6B5AAC-E3EE-4CA1-A3BD-0117B3CA3EE7}.Release|Any CPU.ActiveCfg = Release|Any CPU
		{FD6B5AAC-E3EE-4CA1-A3BD-0117B3CA3EE7}.Release|Any CPU.Build.0 = Release|Any CPU
		{DD09CC51-AD8D-4164-A73B-F01E568B9F60}.Debug|Any CPU.ActiveCfg = Debug|Any CPU
		{DD09CC51-AD8D-4164-A73B-F01E568B9F60}.Debug|Any CPU.Build.0 = Debug|Any CPU
		{DD09CC51-AD8D-4164-A73B-F01E568B9F60}.Release|Any CPU.ActiveCfg = Release|Any CPU
		{DD09CC51-AD8D-4164-A73B-F01E568B9F60}.Release|Any CPU.Build.0 = Release|Any CPU
		{1007F34D-9EFE-47C4-9F49-B8494CEE72FF}.Debug|Any CPU.ActiveCfg = Debug|Any CPU
		{1007F34D-9EFE-47C4-9F49-B8494CEE72FF}.Debug|Any CPU.Build.0 = Debug|Any CPU
		{1007F34D-9EFE-47C4-9F49-B8494CEE72FF}.Release|Any CPU.ActiveCfg = Release|Any CPU
		{1007F34D-9EFE-47C4-9F49-B8494CEE72FF}.Release|Any CPU.Build.0 = Release|Any CPU
	EndGlobalSection
	GlobalSection(SolutionProperties) = preSolution
		HideSolutionNode = FALSE
	EndGlobalSection
	GlobalSection(ExtensibilityGlobals) = postSolution
		SolutionGuid = {48E763EE-3864-422E-B3E7-69885FA957E7}
	EndGlobalSection
EndGlobal
